
Microsoft Visual Studio Solution File, Format Version 12.00
# Visual Studio Version 16
VisualStudioVersion = 16.0.30709.132
MinimumVisualStudioVersion = 10.0.40219.1
Project("{FAE04EC0-301F-11D3-BF4B-00C04F79EFBC}") = "InstanTTS", "InstanTTS.csproj", "{4BD94946-6B05-43D5-809E-DFDD621011C9}"
EndProject
Global
	GlobalSection(SolutionConfigurationPlatforms) = preSolution
		Debug|Any CPU = Debug|Any CPU
		Release|Any CPU = Release|Any CPU
	EndGlobalSection
	GlobalSection(ProjectConfigurationPlatforms) = postSolution
		{4BD94946-6B05-43D5-809E-DFDD621011C9}.Debug|Any CPU.ActiveCfg = Debug|Any CPU
		{4BD94946-6B05-43D5-809E-DFDD621011C9}.Debug|Any CPU.Build.0 = Debug|Any CPU
		{4BD94946-6B05-43D5-809E-DFDD621011C9}.Release|Any CPU.ActiveCfg = Release|Any CPU
		{4BD94946-6B05-43D5-809E-DFDD621011C9}.Release|Any CPU.Build.0 = Release|Any CPU
	EndGlobalSection
	GlobalSection(SolutionProperties) = preSolution
		HideSolutionNode = FALSE
	EndGlobalSection
	GlobalSection(ExtensibilityGlobals) = postSolution
		SolutionGuid = {407EC30D-C4C9-4C91-AE4D-7B10E8FF7DC3}
	EndGlobalSection
EndGlobal
